
Microsoft Visual Studio Solution File, Format Version 12.00
# Visual Studio Version 17
VisualStudioVersion = 17.9.34616.47
MinimumVisualStudioVersion = 10.0.40219.1
Project("{FAE04EC0-301F-11D3-BF4B-00C04F79EFBC}") = "tp_events_calendar", "tp_events_calendar.csproj", "{617FACE0-730D-40C8-BADF-5FD130D20721}"
EndProject
Global
	GlobalSection(SolutionConfigurationPlatforms) = preSolution
		Debug|Any CPU = Debug|Any CPU
		Release|Any CPU = Release|Any CPU
	EndGlobalSection
	GlobalSection(ProjectConfigurationPlatforms) = postSolution
		{617FACE0-730D-40C8-BADF-5FD130D20721}.Debug|Any CPU.ActiveCfg = Debug|Any CPU
		{617FACE0-730D-40C8-BADF-5FD130D20721}.Debug|Any CPU.Build.0 = Debug|Any CPU
		{617FACE0-730D-40C8-BADF-5FD130D20721}.Release|Any CPU.ActiveCfg = Release|Any CPU
		{617FACE0-730D-40C8-BADF-5FD130D20721}.Release|Any CPU.Build.0 = Release|Any CPU
	EndGlobalSection
	GlobalSection(SolutionProperties) = preSolution
		HideSolutionNode = FALSE
	EndGlobalSection
	GlobalSection(ExtensibilityGlobals) = postSolution
		SolutionGuid = {F835FA37-F18A-4E6B-95C7-9B8DDE604C0E}
	EndGlobalSection
EndGlobal
