
Microsoft Visual Studio Solution File, Format Version 12.00
# Visual Studio Version 17
VisualStudioVersion = 17.9.34622.214
MinimumVisualStudioVersion = 10.0.40219.1
Project("{FAE04EC0-301F-11D3-BF4B-00C04F79EFBC}") = "partie_a_examen_chapitre_2", "partie_a_examen_chapitre_2.csproj", "{E72696BA-0800-47CD-9EE1-0D8D296BB162}"
EndProject
Global
	GlobalSection(SolutionConfigurationPlatforms) = preSolution
		Debug|Any CPU = Debug|Any CPU
		Release|Any CPU = Release|Any CPU
	EndGlobalSection
	GlobalSection(ProjectConfigurationPlatforms) = postSolution
		{E72696BA-0800-47CD-9EE1-0D8D296BB162}.Debug|Any CPU.ActiveCfg = Debug|Any CPU
		{E72696BA-0800-47CD-9EE1-0D8D296BB162}.Debug|Any CPU.Build.0 = Debug|Any CPU
		{E72696BA-0800-47CD-9EE1-0D8D296BB162}.Release|Any CPU.ActiveCfg = Release|Any CPU
		{E72696BA-0800-47CD-9EE1-0D8D296BB162}.Release|Any CPU.Build.0 = Release|Any CPU
	EndGlobalSection
	GlobalSection(SolutionProperties) = preSolution
		HideSolutionNode = FALSE
	EndGlobalSection
	GlobalSection(ExtensibilityGlobals) = postSolution
		SolutionGuid = {34D65E9D-A9F7-4CC1-8242-6F27CA5BCA53}
	EndGlobalSection
EndGlobal
