
Microsoft Visual Studio Solution File, Format Version 12.00
# Visual Studio Version 17
VisualStudioVersion = 17.8.34525.116
MinimumVisualStudioVersion = 10.0.40219.1
Project("{FAE04EC0-301F-11D3-BF4B-00C04F79EFBC}") = "tp_jour_5_jeu_pendu", "tp_jour_5_jeu_pendu.csproj", "{A5B201BC-1A0E-4B64-997A-FA7FB336C484}"
EndProject
Global
	GlobalSection(SolutionConfigurationPlatforms) = preSolution
		Debug|Any CPU = Debug|Any CPU
		Release|Any CPU = Release|Any CPU
	EndGlobalSection
	GlobalSection(ProjectConfigurationPlatforms) = postSolution
		{A5B201BC-1A0E-4B64-997A-FA7FB336C484}.Debug|Any CPU.ActiveCfg = Debug|Any CPU
		{A5B201BC-1A0E-4B64-997A-FA7FB336C484}.Debug|Any CPU.Build.0 = Debug|Any CPU
		{A5B201BC-1A0E-4B64-997A-FA7FB336C484}.Release|Any CPU.ActiveCfg = Release|Any CPU
		{A5B201BC-1A0E-4B64-997A-FA7FB336C484}.Release|Any CPU.Build.0 = Release|Any CPU
	EndGlobalSection
	GlobalSection(SolutionProperties) = preSolution
		HideSolutionNode = FALSE
	EndGlobalSection
	GlobalSection(ExtensibilityGlobals) = postSolution
		SolutionGuid = {DB678588-EF0E-41F3-A4C1-6ECEA5BDB350}
	EndGlobalSection
EndGlobal
