
Microsoft Visual Studio Solution File, Format Version 12.00
# Visual Studio Version 17
VisualStudioVersion = 17.8.34525.116
MinimumVisualStudioVersion = 10.0.40219.1
Project("{FAE04EC0-301F-11D3-BF4B-00C04F79EFBC}") = "tp_jour_6", "tp_jour_6.csproj", "{991B2CD5-D13B-4B1A-924C-013CF140FB6B}"
EndProject
Global
	GlobalSection(SolutionConfigurationPlatforms) = preSolution
		Debug|Any CPU = Debug|Any CPU
		Release|Any CPU = Release|Any CPU
	EndGlobalSection
	GlobalSection(ProjectConfigurationPlatforms) = postSolution
		{991B2CD5-D13B-4B1A-924C-013CF140FB6B}.Debug|Any CPU.ActiveCfg = Debug|Any CPU
		{991B2CD5-D13B-4B1A-924C-013CF140FB6B}.Debug|Any CPU.Build.0 = Debug|Any CPU
		{991B2CD5-D13B-4B1A-924C-013CF140FB6B}.Release|Any CPU.ActiveCfg = Release|Any CPU
		{991B2CD5-D13B-4B1A-924C-013CF140FB6B}.Release|Any CPU.Build.0 = Release|Any CPU
	EndGlobalSection
	GlobalSection(SolutionProperties) = preSolution
		HideSolutionNode = FALSE
	EndGlobalSection
	GlobalSection(ExtensibilityGlobals) = postSolution
		SolutionGuid = {845EB10E-3E52-4ECA-AFC3-CE8B55E1C13C}
	EndGlobalSection
EndGlobal
