
Microsoft Visual Studio Solution File, Format Version 12.00
# Visual Studio Version 17
VisualStudioVersion = 17.9.34622.214
MinimumVisualStudioVersion = 10.0.40219.1
Project("{FAE04EC0-301F-11D3-BF4B-00C04F79EFBC}") = "tp_formulaire_wpf", "tp_formulaire_wpf.csproj", "{C2D582D8-3267-4999-812F-78592A604CAD}"
EndProject
Global
	GlobalSection(SolutionConfigurationPlatforms) = preSolution
		Debug|Any CPU = Debug|Any CPU
		Release|Any CPU = Release|Any CPU
	EndGlobalSection
	GlobalSection(ProjectConfigurationPlatforms) = postSolution
		{C2D582D8-3267-4999-812F-78592A604CAD}.Debug|Any CPU.ActiveCfg = Debug|Any CPU
		{C2D582D8-3267-4999-812F-78592A604CAD}.Debug|Any CPU.Build.0 = Debug|Any CPU
		{C2D582D8-3267-4999-812F-78592A604CAD}.Release|Any CPU.ActiveCfg = Release|Any CPU
		{C2D582D8-3267-4999-812F-78592A604CAD}.Release|Any CPU.Build.0 = Release|Any CPU
	EndGlobalSection
	GlobalSection(SolutionProperties) = preSolution
		HideSolutionNode = FALSE
	EndGlobalSection
	GlobalSection(ExtensibilityGlobals) = postSolution
		SolutionGuid = {5CADFA1F-D559-4073-945B-E53073E5A4BC}
	EndGlobalSection
EndGlobal
