
Microsoft Visual Studio Solution File, Format Version 12.00
# Visual Studio Version 17
VisualStudioVersion = 17.9.34622.214
MinimumVisualStudioVersion = 10.0.40219.1
Project("{FAE04EC0-301F-11D3-BF4B-00C04F79EFBC}") = "tp_numpy", "tp_numpy.csproj", "{FDD549CD-8C23-43D1-832B-F429A80749EA}"
EndProject
Global
	GlobalSection(SolutionConfigurationPlatforms) = preSolution
		Debug|Any CPU = Debug|Any CPU
		Release|Any CPU = Release|Any CPU
	EndGlobalSection
	GlobalSection(ProjectConfigurationPlatforms) = postSolution
		{FDD549CD-8C23-43D1-832B-F429A80749EA}.Debug|Any CPU.ActiveCfg = Debug|Any CPU
		{FDD549CD-8C23-43D1-832B-F429A80749EA}.Debug|Any CPU.Build.0 = Debug|Any CPU
		{FDD549CD-8C23-43D1-832B-F429A80749EA}.Release|Any CPU.ActiveCfg = Release|Any CPU
		{FDD549CD-8C23-43D1-832B-F429A80749EA}.Release|Any CPU.Build.0 = Release|Any CPU
	EndGlobalSection
	GlobalSection(SolutionProperties) = preSolution
		HideSolutionNode = FALSE
	EndGlobalSection
	GlobalSection(ExtensibilityGlobals) = postSolution
		SolutionGuid = {69BE6106-FBB2-49F0-B47D-B5239CAA4149}
	EndGlobalSection
EndGlobal
