
Microsoft Visual Studio Solution File, Format Version 12.00
# Visual Studio Version 17
VisualStudioVersion = 17.8.34511.84
MinimumVisualStudioVersion = 10.0.40219.1
Project("{FAE04EC0-301F-11D3-BF4B-00C04F79EFBC}") = "[TP] Jour 4", "[TP] Jour 4.csproj", "{22C0EE80-4273-4EF9-9944-DFE2B6135777}"
EndProject
Global
	GlobalSection(SolutionConfigurationPlatforms) = preSolution
		Debug|Any CPU = Debug|Any CPU
		Release|Any CPU = Release|Any CPU
	EndGlobalSection
	GlobalSection(ProjectConfigurationPlatforms) = postSolution
		{22C0EE80-4273-4EF9-9944-DFE2B6135777}.Debug|Any CPU.ActiveCfg = Debug|Any CPU
		{22C0EE80-4273-4EF9-9944-DFE2B6135777}.Debug|Any CPU.Build.0 = Debug|Any CPU
		{22C0EE80-4273-4EF9-9944-DFE2B6135777}.Release|Any CPU.ActiveCfg = Release|Any CPU
		{22C0EE80-4273-4EF9-9944-DFE2B6135777}.Release|Any CPU.Build.0 = Release|Any CPU
	EndGlobalSection
	GlobalSection(SolutionProperties) = preSolution
		HideSolutionNode = FALSE
	EndGlobalSection
	GlobalSection(ExtensibilityGlobals) = postSolution
		SolutionGuid = {379C661B-FA22-4DEA-B5F0-663BCB0DC737}
	EndGlobalSection
EndGlobal
