
Microsoft Visual Studio Solution File, Format Version 12.00
# Visual Studio Version 17
VisualStudioVersion = 17.8.34525.116
MinimumVisualStudioVersion = 10.0.40219.1
Project("{FAE04EC0-301F-11D3-BF4B-00C04F79EFBC}") = "tp_jour_2_morpion", "tp_jour_2_morpion.csproj", "{B9DC3034-0DC1-4D7C-954C-163F893EE2C8}"
EndProject
Global
	GlobalSection(SolutionConfigurationPlatforms) = preSolution
		Debug|Any CPU = Debug|Any CPU
		Release|Any CPU = Release|Any CPU
	EndGlobalSection
	GlobalSection(ProjectConfigurationPlatforms) = postSolution
		{B9DC3034-0DC1-4D7C-954C-163F893EE2C8}.Debug|Any CPU.ActiveCfg = Debug|Any CPU
		{B9DC3034-0DC1-4D7C-954C-163F893EE2C8}.Debug|Any CPU.Build.0 = Debug|Any CPU
		{B9DC3034-0DC1-4D7C-954C-163F893EE2C8}.Release|Any CPU.ActiveCfg = Release|Any CPU
		{B9DC3034-0DC1-4D7C-954C-163F893EE2C8}.Release|Any CPU.Build.0 = Release|Any CPU
	EndGlobalSection
	GlobalSection(SolutionProperties) = preSolution
		HideSolutionNode = FALSE
	EndGlobalSection
	GlobalSection(ExtensibilityGlobals) = postSolution
		SolutionGuid = {D07CDF98-20F8-48D1-98B6-2879B5FF7509}
	EndGlobalSection
EndGlobal
